// !$*UTF8*$!
{
	archiveVersion = 1;
	classes = {
	};
	objectVersion = 56;
	objects = {

/* Begin PBXBuildFile section */
		B4B7C3B829626E650035D12A /* Scepter.swift in Sources */ = {isa = PBXBuildFile; fileRef = B4B7C3AB29626E650035D12A /* Scepter.swift */; };
		B4B7C3B929626E650035D12A /* Player.swift in Sources */ = {isa = PBXBuildFile; fileRef = B4B7C3AC29626E650035D12A /* Player.swift */; };
		B4B7C3BA29626E650035D12A /* Mage.swift in Sources */ = {isa = PBXBuildFile; fileRef = B4B7C3AD29626E650035D12A /* Mage.swift */; };
		B4B7C3BB29626E650035D12A /* Assasin.swift in Sources */ = {isa = PBXBuildFile; fileRef = B4B7C3AE29626E650035D12A /* Assasin.swift */; };
		B4B7C3BC29626E650035D12A /* Caracters.swift in Sources */ = {isa = PBXBuildFile; fileRef = B4B7C3AF29626E650035D12A /* Caracters.swift */; };
		B4B7C3BD29626E650035D12A /* main.swift in Sources */ = {isa = PBXBuildFile; fileRef = B4B7C3B029626E650035D12A /* main.swift */; };
		B4B7C3BE29626E650035D12A /* GameSystem.swift in Sources */ = {isa = PBXBuildFile; fileRef = B4B7C3B129626E650035D12A /* GameSystem.swift */; };
		B4B7C3BF29626E650035D12A /* Dagger.swift in Sources */ = {isa = PBXBuildFile; fileRef = B4B7C3B229626E650035D12A /* Dagger.swift */; };
		B4B7C3C029626E650035D12A /* Sword.swift in Sources */ = {isa = PBXBuildFile; fileRef = B4B7C3B329626E650035D12A /* Sword.swift */; };
		B4B7C3C129626E650035D12A /* Dammage.swift in Sources */ = {isa = PBXBuildFile; fileRef = B4B7C3B429626E650035D12A /* Dammage.swift */; };
		B4B7C3C229626E650035D12A /* Elfe.swift in Sources */ = {isa = PBXBuildFile; fileRef = B4B7C3B529626E650035D12A /* Elfe.swift */; };
		B4B7C3C329626E650035D12A /* Wheapons.swift in Sources */ = {isa = PBXBuildFile; fileRef = B4B7C3B629626E650035D12A /* Wheapons.swift */; };
/* End PBXBuildFile section */

/* Begin PBXCopyFilesBuildPhase section */
		B4B7C39E29626D090035D12A /* CopyFiles */ = {
			isa = PBXCopyFilesBuildPhase;
			buildActionMask = 2147483647;
			dstPath = /usr/share/man/man1/;
			dstSubfolderSpec = 0;
			files = (
			);
			runOnlyForDeploymentPostprocessing = 1;
		};
/* End PBXCopyFilesBuildPhase section */

/* Begin PBXFileReference section */
		B4B7C3A029626D090035D12A /* Monrpg */ = {isa = PBXFileReference; explicitFileType = "compiled.mach-o.executable"; includeInIndex = 0; path = Monrpg; sourceTree = BUILT_PRODUCTS_DIR; };
		B4B7C3AB29626E650035D12A /* Scepter.swift */ = {isa = PBXFileReference; fileEncoding = 4; lastKnownFileType = sourcecode.swift; path = Scepter.swift; sourceTree = "<group>"; };
		B4B7C3AC29626E650035D12A /* Player.swift */ = {isa = PBXFileReference; fileEncoding = 4; lastKnownFileType = sourcecode.swift; path = Player.swift; sourceTree = "<group>"; };
		B4B7C3AD29626E650035D12A /* Mage.swift */ = {isa = PBXFileReference; fileEncoding = 4; lastKnownFileType = sourcecode.swift; path = Mage.swift; sourceTree = "<group>"; };
		B4B7C3AE29626E650035D12A /* Assasin.swift */ = {isa = PBXFileReference; fileEncoding = 4; lastKnownFileType = sourcecode.swift; path = Assasin.swift; sourceTree = "<group>"; };
		B4B7C3AF29626E650035D12A /* Caracters.swift */ = {isa = PBXFileReference; fileEncoding = 4; lastKnownFileType = sourcecode.swift; path = Caracters.swift; sourceTree = "<group>"; };
		B4B7C3B029626E650035D12A /* main.swift */ = {isa = PBXFileReference; fileEncoding = 4; lastKnownFileType = sourcecode.swift; path = main.swift; sourceTree = "<group>"; };
		B4B7C3B129626E650035D12A /* GameSystem.swift */ = {isa = PBXFileReference; fileEncoding = 4; lastKnownFileType = sourcecode.swift; path = GameSystem.swift; sourceTree = "<group>"; };
		B4B7C3B229626E650035D12A /* Dagger.swift */ = {isa = PBXFileReference; fileEncoding = 4; lastKnownFileType = sourcecode.swift; path = Dagger.swift; sourceTree = "<group>"; };
		B4B7C3B329626E650035D12A /* Sword.swift */ = {isa = PBXFileReference; fileEncoding = 4; lastKnownFileType = sourcecode.swift; path = Sword.swift; sourceTree = "<group>"; };
		B4B7C3B429626E650035D12A /* Dammage.swift */ = {isa = PBXFileReference; fileEncoding = 4; lastKnownFileType = sourcecode.swift; path = Dammage.swift; sourceTree = "<group>"; };
		B4B7C3B529626E650035D12A /* Elfe.swift */ = {isa = PBXFileReference; fileEncoding = 4; lastKnownFileType = sourcecode.swift; path = Elfe.swift; sourceTree = "<group>"; };
		B4B7C3B629626E650035D12A /* Wheapons.swift */ = {isa = PBXFileReference; fileEncoding = 4; lastKnownFileType = sourcecode.swift; path = Wheapons.swift; sourceTree = "<group>"; };
/* End PBXFileReference section */

/* Begin PBXFrameworksBuildPhase section */
		B4B7C39D29626D090035D12A /* Frameworks */ = {
			isa = PBXFrameworksBuildPhase;
			buildActionMask = 2147483647;
			files = (
			);
			runOnlyForDeploymentPostprocessing = 0;
		};
/* End PBXFrameworksBuildPhase section */

/* Begin PBXGroup section */
		B4B7C39729626D080035D12A = {
			isa = PBXGroup;
			children = (
				B4B7C3A229626D090035D12A /* Monrpg */,
				B4B7C3A129626D090035D12A /* Products */,
			);
			sourceTree = "<group>";
		};
		B4B7C3A129626D090035D12A /* Products */ = {
			isa = PBXGroup;
			children = (
				B4B7C3A029626D090035D12A /* Monrpg */,
			);
			name = Products;
			sourceTree = "<group>";
		};
		B4B7C3A229626D090035D12A /* Monrpg */ = {
			isa = PBXGroup;
			children = (
				B4B7C3AE29626E650035D12A /* Assasin.swift */,
				B4B7C3AF29626E650035D12A /* Caracters.swift */,
				B4B7C3B229626E650035D12A /* Dagger.swift */,
				B4B7C3B429626E650035D12A /* Dammage.swift */,
				B4B7C3B529626E650035D12A /* Elfe.swift */,
				B4B7C3B129626E650035D12A /* GameSystem.swift */,
				B4B7C3AD29626E650035D12A /* Mage.swift */,
				B4B7C3B029626E650035D12A /* main.swift */,
				B4B7C3AC29626E650035D12A /* Player.swift */,
				B4B7C3AB29626E650035D12A /* Scepter.swift */,
				B4B7C3B329626E650035D12A /* Sword.swift */,
				B4B7C3B629626E650035D12A /* Wheapons.swift */,
			);
			name = Monrpg;
			sourceTree = "<group>";
		};
/* End PBXGroup section */

/* Begin PBXNativeTarget section */
		B4B7C39F29626D090035D12A /* Monrpg */ = {
			isa = PBXNativeTarget;
			buildConfigurationList = B4B7C3A729626D090035D12A /* Build configuration list for PBXNativeTarget "Monrpg" */;
			buildPhases = (
				B4B7C39C29626D090035D12A /* Sources */,
				B4B7C39D29626D090035D12A /* Frameworks */,
				B4B7C39E29626D090035D12A /* CopyFiles */,
			);
			buildRules = (
			);
			dependencies = (
			);
			name = Monrpg;
			productName = Monrpg;
			productReference = B4B7C3A029626D090035D12A /* Monrpg */;
			productType = "com.apple.product-type.tool";
		};
/* End PBXNativeTarget section */

/* Begin PBXProject section */
		B4B7C39829626D080035D12A /* Project object */ = {
			isa = PBXProject;
			attributes = {
				BuildIndependentTargetsInParallel = 1;
				LastSwiftUpdateCheck = 1420;
				LastUpgradeCheck = 1420;
				TargetAttributes = {
					B4B7C39F29626D090035D12A = {
						CreatedOnToolsVersion = 14.2;
					};
				};
			};
			buildConfigurationList = B4B7C39B29626D080035D12A /* Build configuration list for PBXProject "Monrpg" */;
			compatibilityVersion = "Xcode 14.0";
			developmentRegion = en;
			hasScannedForEncodings = 0;
			knownRegions = (
				en,
				Base,
			);
			mainGroup = B4B7C39729626D080035D12A;
			productRefGroup = B4B7C3A129626D090035D12A /* Products */;
			projectDirPath = "";
			projectRoot = "";
			targets = (
				B4B7C39F29626D090035D12A /* Monrpg */,
			);
		};
/* End PBXProject section */

/* Begin PBXSourcesBuildPhase section */
		B4B7C39C29626D090035D12A /* Sources */ = {
			isa = PBXSourcesBuildPhase;
			buildActionMask = 2147483647;
			files = (
				B4B7C3C329626E650035D12A /* Wheapons.swift in Sources */,
				B4B7C3BD29626E650035D12A /* main.swift in Sources */,
				B4B7C3BC29626E650035D12A /* Caracters.swift in Sources */,
				B4B7C3C129626E650035D12A /* Dammage.swift in Sources */,
				B4B7C3BE29626E650035D12A /* GameSystem.swift in Sources */,
				B4B7C3BF29626E650035D12A /* Dagger.swift in Sources */,
				B4B7C3BB29626E650035D12A /* Assasin.swift in Sources */,
				B4B7C3C029626E650035D12A /* Sword.swift in Sources */,
				B4B7C3B829626E650035D12A /* Scepter.swift in Sources */,
				B4B7C3B929626E650035D12A /* Player.swift in Sources */,
				B4B7C3C229626E650035D12A /* Elfe.swift in Sources */,
				B4B7C3BA29626E650035D12A /* Mage.swift in Sources */,
			);
			runOnlyForDeploymentPostprocessing = 0;
		};
/* End PBXSourcesBuildPhase section */

/* Begin XCBuildConfiguration section */
		B4B7C3A529626D090035D12A /* Debug */ = {
			isa = XCBuildConfiguration;
			buildSettings = {
				ALWAYS_SEARCH_USER_PATHS = NO;
				CLANG_ANALYZER_NONNULL = YES;
				CLANG_ANALYZER_NUMBER_OBJECT_CONVERSION = YES_AGGRESSIVE;
				CLANG_CXX_LANGUAGE_STANDARD = "gnu++20";
				CLANG_ENABLE_MODULES = YES;
				CLANG_ENABLE_OBJC_ARC = YES;
				CLANG_ENABLE_OBJC_WEAK = YES;
				CLANG_WARN_BLOCK_CAPTURE_AUTORELEASING = YES;
				CLANG_WARN_BOOL_CONVERSION = YES;
				CLANG_WARN_COMMA = YES;
				CLANG_WARN_CONSTANT_CONVERSION = YES;
				CLANG_WARN_DEPRECATED_OBJC_IMPLEMENTATIONS = YES;
				CLANG_WARN_DIRECT_OBJC_ISA_USAGE = YES_ERROR;
				CLANG_WARN_DOCUMENTATION_COMMENTS = YES;
				CLANG_WARN_EMPTY_BODY = YES;
				CLANG_WARN_ENUM_CONVERSION = YES;
				CLANG_WARN_INFINITE_RECURSION = YES;
				CLANG_WARN_INT_CONVERSION = YES;
				CLANG_WARN_NON_LITERAL_NULL_CONVERSION = YES;
				CLANG_WARN_OBJC_IMPLICIT_RETAIN_SELF = YES;
				CLANG_WARN_OBJC_LITERAL_CONVERSION = YES;
				CLANG_WARN_OBJC_ROOT_CLASS = YES_ERROR;
				CLANG_WARN_QUOTED_INCLUDE_IN_FRAMEWORK_HEADER = YES;
				CLANG_WARN_RANGE_LOOP_ANALYSIS = YES;
				CLANG_WARN_STRICT_PROTOTYPES = YES;
				CLANG_WARN_SUSPICIOUS_MOVE = YES;
				CLANG_WARN_UNGUARDED_AVAILABILITY = YES_AGGRESSIVE;
				CLANG_WARN_UNREACHABLE_CODE = YES;
				CLANG_WARN__DUPLICATE_METHOD_MATCH = YES;
				COPY_PHASE_STRIP = NO;
				DEBUG_INFORMATION_FORMAT = dwarf;
				ENABLE_STRICT_OBJC_MSGSEND = YES;
				ENABLE_TESTABILITY = YES;
				GCC_C_LANGUAGE_STANDARD = gnu11;
				GCC_DYNAMIC_NO_PIC = NO;
				GCC_NO_COMMON_BLOCKS = YES;
				GCC_OPTIMIZATION_LEVEL = 0;
				GCC_PREPROCESSOR_DEFINITIONS = (
					"DEBUG=1",
					"$(inherited)",
				);
				GCC_WARN_64_TO_32_BIT_CONVERSION = YES;
				GCC_WARN_ABOUT_RETURN_TYPE = YES_ERROR;
				GCC_WARN_UNDECLARED_SELECTOR = YES;
				GCC_WARN_UNINITIALIZED_AUTOS = YES_AGGRESSIVE;
				GCC_WARN_UNUSED_FUNCTION = YES;
				GCC_WARN_UNUSED_VARIABLE = YES;
				MACOSX_DEPLOYMENT_TARGET = 13.0;
				MTL_ENABLE_DEBUG_INFO = INCLUDE_SOURCE;
				MTL_FAST_MATH = YES;
				ONLY_ACTIVE_ARCH = YES;
				SDKROOT = macosx;
				SWIFT_ACTIVE_COMPILATION_CONDITIONS = DEBUG;
				SWIFT_OPTIMIZATION_LEVEL = "-Onone";
			};
			name = Debug;
		};
		B4B7C3A629626D090035D12A /* Release */ = {
			isa = XCBuildConfiguration;
			buildSettings = {
				ALWAYS_SEARCH_USER_PATHS = NO;
				CLANG_ANALYZER_NONNULL = YES;
				CLANG_ANALYZER_NUMBER_OBJECT_CONVERSION = YES_AGGRESSIVE;
				CLANG_CXX_LANGUAGE_STANDARD = "gnu++20";
				CLANG_ENABLE_MODULES = YES;
				CLANG_ENABLE_OBJC_ARC = YES;
				CLANG_ENABLE_OBJC_WEAK = YES;
				CLANG_WARN_BLOCK_CAPTURE_AUTORELEASING = YES;
				CLANG_WARN_BOOL_CONVERSION = YES;
				CLANG_WARN_COMMA = YES;
				CLANG_WARN_CONSTANT_CONVERSION = YES;
				CLANG_WARN_DEPRECATED_OBJC_IMPLEMENTATIONS = YES;
				CLANG_WARN_DIRECT_OBJC_ISA_USAGE = YES_ERROR;
				CLANG_WARN_DOCUMENTATION_COMMENTS = YES;
				CLANG_WARN_EMPTY_BODY = YES;
				CLANG_WARN_ENUM_CONVERSION = YES;
				CLANG_WARN_INFINITE_RECURSION = YES;
				CLANG_WARN_INT_CONVERSION = YES;
				CLANG_WARN_NON_LITERAL_NULL_CONVERSION = YES;
				CLANG_WARN_OBJC_IMPLICIT_RETAIN_SELF = YES;
				CLANG_WARN_OBJC_LITERAL_CONVERSION = YES;
				CLANG_WARN_OBJC_ROOT_CLASS = YES_ERROR;
				CLANG_WARN_QUOTED_INCLUDE_IN_FRAMEWORK_HEADER = YES;
				CLANG_WARN_RANGE_LOOP_ANALYSIS = YES;
				CLANG_WARN_STRICT_PROTOTYPES = YES;
				CLANG_WARN_SUSPICIOUS_MOVE = YES;
				CLANG_WARN_UNGUARDED_AVAILABILITY = YES_AGGRESSIVE;
				CLANG_WARN_UNREACHABLE_CODE = YES;
				CLANG_WARN__DUPLICATE_METHOD_MATCH = YES;
				COPY_PHASE_STRIP = NO;
				DEBUG_INFORMATION_FORMAT = "dwarf-with-dsym";
				ENABLE_NS_ASSERTIONS = NO;
				ENABLE_STRICT_OBJC_MSGSEND = YES;
				GCC_C_LANGUAGE_STANDARD = gnu11;
				GCC_NO_COMMON_BLOCKS = YES;
				GCC_WARN_64_TO_32_BIT_CONVERSION = YES;
				GCC_WARN_ABOUT_RETURN_TYPE = YES_ERROR;
				GCC_WARN_UNDECLARED_SELECTOR = YES;
				GCC_WARN_UNINITIALIZED_AUTOS = YES_AGGRESSIVE;
				GCC_WARN_UNUSED_FUNCTION = YES;
				GCC_WARN_UNUSED_VARIABLE = YES;
				MACOSX_DEPLOYMENT_TARGET = 13.0;
				MTL_ENABLE_DEBUG_INFO = NO;
				MTL_FAST_MATH = YES;
				SDKROOT = macosx;
				SWIFT_COMPILATION_MODE = wholemodule;
				SWIFT_OPTIMIZATION_LEVEL = "-O";
			};
			name = Release;
		};
		B4B7C3A829626D090035D12A /* Debug */ = {
			isa = XCBuildConfiguration;
			buildSettings = {
				CODE_SIGN_STYLE = Automatic;
				PRODUCT_NAME = "$(TARGET_NAME)";
				SWIFT_VERSION = 5.0;
			};
			name = Debug;
		};
		B4B7C3A929626D090035D12A /* Release */ = {
			isa = XCBuildConfiguration;
			buildSettings = {
				CODE_SIGN_STYLE = Automatic;
				PRODUCT_NAME = "$(TARGET_NAME)";
				SWIFT_VERSION = 5.0;
			};
			name = Release;
		};
/* End XCBuildConfiguration section */

/* Begin XCConfigurationList section */
		B4B7C39B29626D080035D12A /* Build configuration list for PBXProject "Monrpg" */ = {
			isa = XCConfigurationList;
			buildConfigurations = (
				B4B7C3A529626D090035D12A /* Debug */,
				B4B7C3A629626D090035D12A /* Release */,
			);
			defaultConfigurationIsVisible = 0;
			defaultConfigurationName = Release;
		};
		B4B7C3A729626D090035D12A /* Build configuration list for PBXNativeTarget "Monrpg" */ = {
			isa = XCConfigurationList;
			buildConfigurations = (
				B4B7C3A829626D090035D12A /* Debug */,
				B4B7C3A929626D090035D12A /* Release */,
			);
			defaultConfigurationIsVisible = 0;
			defaultConfigurationName = Release;
		};
/* End XCConfigurationList section */
	};
	rootObject = B4B7C39829626D080035D12A /* Project object */;
}
